<?xml version="1.0" encoding="utf-8"?>
<Project ToolsVersion="4.0" xmlns="http://schemas.microsoft.com/developer/msbuild/2003">
  <ItemGroup>
    <Filter Include="Contents">
      <UniqueIdentifier>{3f03070d-5c9a-4b13-b75d-ebd01f19ebdd}</UniqueIdentifier>
    </Filter>
    <Filter Include="Contents\GameObject">
      <UniqueIdentifier>{cc54dc70-a1c5-4cdf-947c-7ee3160cea8e}</UniqueIdentifier>
    </Filter>
    <Filter Include="Contents\Scene">
      <UniqueIdentifier>{1fac98c4-958a-4757-b1b5-2fff8240f312}</UniqueIdentifier>
    </Filter>
    <Filter Include="Engine">
      <UniqueIdentifier>{a8efaa55-0e07-4698-8461-6c2b029294c3}</UniqueIdentifier>
    </Filter>
    <Filter Include="Engine\Common">
      <UniqueIdentifier>{a5500956-4743-410b-8295-ad9a90fec223}</UniqueIdentifier>
    </Filter>
    <Filter Include="Engine\Component">
      <UniqueIdentifier>{3c523e66-d99c-4cec-ac35-621d1763beed}</UniqueIdentifier>
    </Filter>
    <Filter Include="Engine\Entity">
      <UniqueIdentifier>{c79cd6fb-5a69-456c-8447-a6b22602184d}</UniqueIdentifier>
    </Filter>
    <Filter Include="Engine\GameObject">
      <UniqueIdentifier>{3a7bf6d1-ea81-486e-baff-57ab9029f202}</UniqueIdentifier>
    </Filter>
    <Filter Include="Contents\GameObject\Player">
      <UniqueIdentifier>{3116ddf8-d9f2-449f-bf07-d205ed79565f}</UniqueIdentifier>
    </Filter>
    <Filter Include="Windows">
      <UniqueIdentifier>{391a9875-e7bb-4537-a8d4-f238d6818d5c}</UniqueIdentifier>
    </Filter>
    <Filter Include="Engine\High Level Interface">
      <UniqueIdentifier>{2635ab47-7d5b-40fe-ab15-590e239f354b}</UniqueIdentifier>
    </Filter>
    <Filter Include="Engine\Controller">
      <UniqueIdentifier>{08229b6c-cba2-4062-aacc-a2d6f30dfcf4}</UniqueIdentifier>
    </Filter>
    <Filter Include="Engine\Layer">
      <UniqueIdentifier>{1a684040-676c-4977-920f-915a836c39f4}</UniqueIdentifier>
    </Filter>
    <Filter Include="Engine\Scene">
      <UniqueIdentifier>{af7267e9-a8af-4963-82ef-e08768fa4111}</UniqueIdentifier>
    </Filter>
    <Filter Include="Engine\Time">
      <UniqueIdentifier>{655422eb-93c0-42d2-af29-e37f919604f6}</UniqueIdentifier>
    </Filter>
    <Filter Include="Engine\Common\Time">
      <UniqueIdentifier>{791c20e6-ac3b-4a0d-b899-f03754cdfaf6}</UniqueIdentifier>
    </Filter>
    <Filter Include="Engine\Component\Transform">
      <UniqueIdentifier>{97eb7136-3f29-48fe-b7f0-46287a7725f3}</UniqueIdentifier>
    </Filter>
    <Filter Include="Windows\Header">
      <UniqueIdentifier>{e8c02766-4bb2-46d9-ace2-abf544456055}</UniqueIdentifier>
    </Filter>
    <Filter Include="Windows\Resource">
      <UniqueIdentifier>{6cf3aa1c-1b98-4f41-8909-b5e73f119f3b}</UniqueIdentifier>
    </Filter>
  </ItemGroup>
  <ItemGroup>
    <ClInclude Include="Client.h">
      <Filter>Windows\Header</Filter>
    </ClInclude>
    <ClInclude Include="framework.h">
      <Filter>Windows\Header</Filter>
    </ClInclude>
    <ClInclude Include="Resource.h">
      <Filter>Windows\Header</Filter>
    </ClInclude>
    <ClInclude Include="targetver.h">
      <Filter>Windows\Header</Filter>
    </ClInclude>
    <ClInclude Include="Player.h">
      <Filter>Contents\GameObject\Player</Filter>
    </ClInclude>
    <ClInclude Include="TitleScene.h">
      <Filter>Contents\Scene</Filter>
    </ClInclude>
    <ClInclude Include="CommonInclude.h">
      <Filter>Engine\Common</Filter>
    </ClInclude>
    <ClInclude Include="CustomMath.h">
      <Filter>Engine\Common</Filter>
    </ClInclude>
    <ClInclude Include="CustomTime.h">
      <Filter>Engine\Common\Time</Filter>
    </ClInclude>
    <ClInclude Include="Component.h">
      <Filter>Engine\Component</Filter>
    </ClInclude>
    <ClInclude Include="SpriteRenderer.h">
      <Filter>Engine\Component</Filter>
    </ClInclude>
    <ClInclude Include="Transform.h">
      <Filter>Engine\Component\Transform</Filter>
    </ClInclude>
    <ClInclude Include="Entity.h">
      <Filter>Engine\Entity</Filter>
    </ClInclude>
    <ClInclude Include="Object.h">
      <Filter>Engine\GameObject</Filter>
    </ClInclude>
    <ClInclude Include="GameObject.h">
      <Filter>Engine\GameObject</Filter>
    </ClInclude>
    <ClInclude Include="Application.h">
      <Filter>Engine\High Level Interface</Filter>
    </ClInclude>
    <ClInclude Include="Controller.h">
      <Filter>Engine\Controller</Filter>
    </ClInclude>
    <ClInclude Include="Layer.h">
      <Filter>Engine\Layer</Filter>
    </ClInclude>
    <ClInclude Include="Scene.h">
      <Filter>Engine\Scene</Filter>
    </ClInclude>
    <ClInclude Include="SceneManager.h">
      <Filter>Engine\Scene</Filter>
    </ClInclude>
  </ItemGroup>
  <ItemGroup>
    <ClCompile Include="Player.cpp">
      <Filter>Contents\GameObject\Player</Filter>
    </ClCompile>
    <ClCompile Include="TitleScene.cpp">
      <Filter>Contents\Scene</Filter>
    </ClCompile>
    <ClCompile Include="CustomTime.cpp">
      <Filter>Engine\Common\Time</Filter>
    </ClCompile>
    <ClCompile Include="Component.cpp">
      <Filter>Engine\Component</Filter>
    </ClCompile>
    <ClCompile Include="SpriteRenderer.cpp">
      <Filter>Engine\Component</Filter>
    </ClCompile>
    <ClCompile Include="Transform.cpp">
      <Filter>Engine\Component\Transform</Filter>
    </ClCompile>
    <ClCompile Include="Entity.cpp">
      <Filter>Engine\Entity</Filter>
    </ClCompile>
    <ClCompile Include="GameObject.cpp">
      <Filter>Engine\GameObject</Filter>
    </ClCompile>
    <ClCompile Include="Application.cpp">
      <Filter>Engine\High Level Interface</Filter>
    </ClCompile>
    <ClCompile Include="Controller.cpp">
      <Filter>Engine\Controller</Filter>
    </ClCompile>
    <ClCompile Include="Layer.cpp">
      <Filter>Engine\Layer</Filter>
    </ClCompile>
    <ClCompile Include="Scene.cpp">
      <Filter>Engine\Scene</Filter>
    </ClCompile>
    <ClCompile Include="SceneManager.cpp">
      <Filter>Engine\Scene</Filter>
    </ClCompile>
    <ClCompile Include="main.cpp" />
  </ItemGroup>
  <ItemGroup>
    <Image Include="Client.ico">
      <Filter>Windows\Resource</Filter>
    </Image>
    <Image Include="small.ico">
      <Filter>Windows\Resource</Filter>
    </Image>
  </ItemGroup>
  <ItemGroup>
    <ResourceCompile Include="Client.rc">
      <Filter>Windows\Resource</Filter>
    </ResourceCompile>
  </ItemGroup>
</Project>