<?xml version="1.0" encoding="utf-8"?>
<Project ToolsVersion="4.0" xmlns="http://schemas.microsoft.com/developer/msbuild/2003">
  <ItemGroup>
    <Filter Include="Contents">
      <UniqueIdentifier>{3f03070d-5c9a-4b13-b75d-ebd01f19ebdd}</UniqueIdentifier>
    </Filter>
    <Filter Include="Contents\GameObject">
      <UniqueIdentifier>{cc54dc70-a1c5-4cdf-947c-7ee3160cea8e}</UniqueIdentifier>
    </Filter>
    <Filter Include="Contents\Scene">
      <UniqueIdentifier>{1fac98c4-958a-4757-b1b5-2fff8240f312}</UniqueIdentifier>
    </Filter>
    <Filter Include="Engine">
      <UniqueIdentifier>{a8efaa55-0e07-4698-8461-6c2b029294c3}</UniqueIdentifier>
    </Filter>
    <Filter Include="Engine\Common">
      <UniqueIdentifier>{a5500956-4743-410b-8295-ad9a90fec223}</UniqueIdentifier>
    </Filter>
    <Filter Include="Engine\Component">
      <UniqueIdentifier>{3c523e66-d99c-4cec-ac35-621d1763beed}</UniqueIdentifier>
    </Filter>
    <Filter Include="Engine\Entity">
      <UniqueIdentifier>{c79cd6fb-5a69-456c-8447-a6b22602184d}</UniqueIdentifier>
    </Filter>
    <Filter Include="Engine\GameObject">
      <UniqueIdentifier>{3a7bf6d1-ea81-486e-baff-57ab9029f202}</UniqueIdentifier>
    </Filter>
    <Filter Include="Contents\GameObject\Player">
      <UniqueIdentifier>{3116ddf8-d9f2-449f-bf07-d205ed79565f}</UniqueIdentifier>
    </Filter>
    <Filter Include="Windows">
      <UniqueIdentifier>{391a9875-e7bb-4537-a8d4-f238d6818d5c}</UniqueIdentifier>
    </Filter>
    <Filter Include="Engine\High Level Interface">
      <UniqueIdentifier>{2635ab47-7d5b-40fe-ab15-590e239f354b}</UniqueIdentifier>
    </Filter>
    <Filter Include="Engine\Controller">
      <UniqueIdentifier>{08229b6c-cba2-4062-aacc-a2d6f30dfcf4}</UniqueIdentifier>
    </Filter>
    <Filter Include="Engine\Layer">
      <UniqueIdentifier>{1a684040-676c-4977-920f-915a836c39f4}</UniqueIdentifier>
    </Filter>
    <Filter Include="Engine\Scene">
      <UniqueIdentifier>{af7267e9-a8af-4963-82ef-e08768fa4111}</UniqueIdentifier>
    </Filter>
    <Filter Include="Engine\Common\Time">
      <UniqueIdentifier>{791c20e6-ac3b-4a0d-b899-f03754cdfaf6}</UniqueIdentifier>
    </Filter>
    <Filter Include="Engine\Component\Transform">
      <UniqueIdentifier>{97eb7136-3f29-48fe-b7f0-46287a7725f3}</UniqueIdentifier>
    </Filter>
    <Filter Include="Windows\Header">
      <UniqueIdentifier>{e8c02766-4bb2-46d9-ace2-abf544456055}</UniqueIdentifier>
    </Filter>
    <Filter Include="Windows\Resource">
      <UniqueIdentifier>{6cf3aa1c-1b98-4f41-8909-b5e73f119f3b}</UniqueIdentifier>
    </Filter>
    <Filter Include="Contents\GameObject\Background">
      <UniqueIdentifier>{35d665dd-b3ac-4f4e-b6a5-24c22e4ae209}</UniqueIdentifier>
    </Filter>
    <Filter Include="Engine\Resource">
      <UniqueIdentifier>{3cb9a5a7-5d60-4154-bd5c-195246db58bf}</UniqueIdentifier>
    </Filter>
    <Filter Include="Engine\Resource\Image">
      <UniqueIdentifier>{2498c470-f0cc-4a76-8055-d4c6845c6fca}</UniqueIdentifier>
    </Filter>
    <Filter Include="Engine\Camera">
      <UniqueIdentifier>{097af26c-7347-483a-bc75-89993a0a5b52}</UniqueIdentifier>
    </Filter>
    <Filter Include="Engine\Component\Animator">
      <UniqueIdentifier>{19697ab5-7492-4cbc-a635-74f020fc2836}</UniqueIdentifier>
    </Filter>
    <Filter Include="Engine\Resource\Animation">
      <UniqueIdentifier>{96dad298-559e-433b-955f-3bcc3d849646}</UniqueIdentifier>
    </Filter>
    <Filter Include="Contents\GameObject\Monster">
      <UniqueIdentifier>{822d391c-cdde-46c1-a084-881dac2cad19}</UniqueIdentifier>
    </Filter>
    <Filter Include="Contents\GameObject\Floor">
      <UniqueIdentifier>{68718814-c6b1-4a56-9e3c-4590bf7a74ab}</UniqueIdentifier>
    </Filter>
    <Filter Include="Engine\Component\Collider">
      <UniqueIdentifier>{4d38b171-b279-40ad-9717-5597a6589b11}</UniqueIdentifier>
    </Filter>
    <Filter Include="Engine\Collision">
      <UniqueIdentifier>{21be45b3-6a6e-41ee-b60a-7aaab6fd8db7}</UniqueIdentifier>
    </Filter>
    <Filter Include="Engine\Component\Rigidbody">
      <UniqueIdentifier>{83d1c054-a182-4461-833e-e3a387a7facf}</UniqueIdentifier>
    </Filter>
    <Filter Include="Contents\GameObject\Player\Class">
      <UniqueIdentifier>{fd351b42-9fb5-4643-a602-6b9ed0cea04f}</UniqueIdentifier>
    </Filter>
    <Filter Include="Contents\GameObject\Effect">
      <UniqueIdentifier>{31c34194-5d03-4eeb-a3ce-536143df0f87}</UniqueIdentifier>
    </Filter>
    <Filter Include="Contents\GameObject\UI">
      <UniqueIdentifier>{00c7c9e4-7aef-4681-93cb-befe3144886d}</UniqueIdentifier>
    </Filter>
    <Filter Include="Contents\GameObject\Monster\Class">
      <UniqueIdentifier>{c1318407-fd71-446f-9982-0a8c65b687c3}</UniqueIdentifier>
    </Filter>
  </ItemGroup>
  <ItemGroup>
    <ClInclude Include="Client.h">
      <Filter>Windows\Header</Filter>
    </ClInclude>
    <ClInclude Include="framework.h">
      <Filter>Windows\Header</Filter>
    </ClInclude>
    <ClInclude Include="Resource.h">
      <Filter>Windows\Header</Filter>
    </ClInclude>
    <ClInclude Include="targetver.h">
      <Filter>Windows\Header</Filter>
    </ClInclude>
    <ClInclude Include="Player.h">
      <Filter>Contents\GameObject\Player</Filter>
    </ClInclude>
    <ClInclude Include="TitleScene.h">
      <Filter>Contents\Scene</Filter>
    </ClInclude>
    <ClInclude Include="CommonInclude.h">
      <Filter>Engine\Common</Filter>
    </ClInclude>
    <ClInclude Include="CustomMath.h">
      <Filter>Engine\Common</Filter>
    </ClInclude>
    <ClInclude Include="CustomTime.h">
      <Filter>Engine\Common\Time</Filter>
    </ClInclude>
    <ClInclude Include="Component.h">
      <Filter>Engine\Component</Filter>
    </ClInclude>
    <ClInclude Include="SpriteRenderer.h">
      <Filter>Engine\Component</Filter>
    </ClInclude>
    <ClInclude Include="Transform.h">
      <Filter>Engine\Component\Transform</Filter>
    </ClInclude>
    <ClInclude Include="Entity.h">
      <Filter>Engine\Entity</Filter>
    </ClInclude>
    <ClInclude Include="Object.h">
      <Filter>Engine\GameObject</Filter>
    </ClInclude>
    <ClInclude Include="GameObject.h">
      <Filter>Engine\GameObject</Filter>
    </ClInclude>
    <ClInclude Include="Application.h">
      <Filter>Engine\High Level Interface</Filter>
    </ClInclude>
    <ClInclude Include="Controller.h">
      <Filter>Engine\Controller</Filter>
    </ClInclude>
    <ClInclude Include="Layer.h">
      <Filter>Engine\Layer</Filter>
    </ClInclude>
    <ClInclude Include="Scene.h">
      <Filter>Engine\Scene</Filter>
    </ClInclude>
    <ClInclude Include="SceneManager.h">
      <Filter>Engine\Scene</Filter>
    </ClInclude>
    <ClInclude Include="Background.h">
      <Filter>Contents\GameObject\Background</Filter>
    </ClInclude>
    <ClInclude Include="Texture.h">
      <Filter>Engine\Resource\Image</Filter>
    </ClInclude>
    <ClInclude Include="ntoResource.h">
      <Filter>Engine\Resource</Filter>
    </ClInclude>
    <ClInclude Include="ntoResources.h">
      <Filter>Engine\Resource</Filter>
    </ClInclude>
    <ClInclude Include="Camera.h">
      <Filter>Engine\Camera</Filter>
    </ClInclude>
    <ClInclude Include="Stage1.h">
      <Filter>Contents\Scene</Filter>
    </ClInclude>
    <ClInclude Include="Stage2.h">
      <Filter>Contents\Scene</Filter>
    </ClInclude>
    <ClInclude Include="Stage3.h">
      <Filter>Contents\Scene</Filter>
    </ClInclude>
    <ClInclude Include="StageBoss.h">
      <Filter>Contents\Scene</Filter>
    </ClInclude>
    <ClInclude Include="Animation.h">
      <Filter>Engine\Resource\Animation</Filter>
    </ClInclude>
    <ClInclude Include="Animator.h">
      <Filter>Engine\Component\Animator</Filter>
    </ClInclude>
    <ClInclude Include="StageWorldMap.h">
      <Filter>Contents\Scene</Filter>
    </ClInclude>
    <ClInclude Include="ntoMonster.h">
      <Filter>Contents\GameObject\Monster</Filter>
    </ClInclude>
    <ClInclude Include="ntoFloor.h">
      <Filter>Contents\GameObject\Floor</Filter>
    </ClInclude>
    <ClInclude Include="ntoCollider.h">
      <Filter>Engine\Component\Collider</Filter>
    </ClInclude>
    <ClInclude Include="ntoCollisionManager.h">
      <Filter>Engine\Collision</Filter>
    </ClInclude>
    <ClInclude Include="ntoRigidbody.h">
      <Filter>Engine\Component\Rigidbody</Filter>
    </ClInclude>
    <ClInclude Include="ntoSmallMario.h">
      <Filter>Contents\GameObject\Player\Class</Filter>
    </ClInclude>
    <ClInclude Include="ntoSuperMario.h">
      <Filter>Contents\GameObject\Player\Class</Filter>
    </ClInclude>
    <ClInclude Include="ntoFireMario.h">
      <Filter>Contents\GameObject\Player\Class</Filter>
    </ClInclude>
    <ClInclude Include="ntoRedKoopa.h">
      <Filter>Contents\GameObject\Monster\Class</Filter>
    </ClInclude>
    <ClInclude Include="ntoCharginChuck.h">
      <Filter>Contents\GameObject\Monster\Class</Filter>
    </ClInclude>
    <ClInclude Include="ntoMontyMole.h">
      <Filter>Contents\GameObject\Monster\Class</Filter>
    </ClInclude>
  </ItemGroup>
  <ItemGroup>
    <ClCompile Include="Player.cpp">
      <Filter>Contents\GameObject\Player</Filter>
    </ClCompile>
    <ClCompile Include="TitleScene.cpp">
      <Filter>Contents\Scene</Filter>
    </ClCompile>
    <ClCompile Include="CustomTime.cpp">
      <Filter>Engine\Common\Time</Filter>
    </ClCompile>
    <ClCompile Include="Component.cpp">
      <Filter>Engine\Component</Filter>
    </ClCompile>
    <ClCompile Include="SpriteRenderer.cpp">
      <Filter>Engine\Component</Filter>
    </ClCompile>
    <ClCompile Include="Transform.cpp">
      <Filter>Engine\Component\Transform</Filter>
    </ClCompile>
    <ClCompile Include="Entity.cpp">
      <Filter>Engine\Entity</Filter>
    </ClCompile>
    <ClCompile Include="GameObject.cpp">
      <Filter>Engine\GameObject</Filter>
    </ClCompile>
    <ClCompile Include="Application.cpp">
      <Filter>Engine\High Level Interface</Filter>
    </ClCompile>
    <ClCompile Include="Controller.cpp">
      <Filter>Engine\Controller</Filter>
    </ClCompile>
    <ClCompile Include="Layer.cpp">
      <Filter>Engine\Layer</Filter>
    </ClCompile>
    <ClCompile Include="Scene.cpp">
      <Filter>Engine\Scene</Filter>
    </ClCompile>
    <ClCompile Include="SceneManager.cpp">
      <Filter>Engine\Scene</Filter>
    </ClCompile>
    <ClCompile Include="main.cpp" />
    <ClCompile Include="Background.cpp">
      <Filter>Contents\GameObject\Background</Filter>
    </ClCompile>
    <ClCompile Include="Texture.cpp">
      <Filter>Engine\Resource\Image</Filter>
    </ClCompile>
    <ClCompile Include="ntoResource.cpp">
      <Filter>Engine\Resource</Filter>
    </ClCompile>
    <ClCompile Include="CustomMath.cpp">
      <Filter>Engine\Common</Filter>
    </ClCompile>
    <ClCompile Include="ntoResources.cpp">
      <Filter>Engine\Resource</Filter>
    </ClCompile>
    <ClCompile Include="Camera.cpp">
      <Filter>Engine\Camera</Filter>
    </ClCompile>
    <ClCompile Include="Stage1.cpp">
      <Filter>Contents\Scene</Filter>
    </ClCompile>
    <ClCompile Include="Stage2.cpp">
      <Filter>Contents\Scene</Filter>
    </ClCompile>
    <ClCompile Include="Stage3.cpp">
      <Filter>Contents\Scene</Filter>
    </ClCompile>
    <ClCompile Include="StageBoss.cpp">
      <Filter>Contents\Scene</Filter>
    </ClCompile>
    <ClCompile Include="Animation.cpp">
      <Filter>Engine\Resource\Animation</Filter>
    </ClCompile>
    <ClCompile Include="Animator.cpp">
      <Filter>Engine\Component\Animator</Filter>
    </ClCompile>
    <ClCompile Include="StageWorldMap.cpp">
      <Filter>Contents\Scene</Filter>
    </ClCompile>
    <ClCompile Include="ntoMonster.cpp">
      <Filter>Contents\GameObject\Monster</Filter>
    </ClCompile>
    <ClCompile Include="ntoFloor.cpp">
      <Filter>Contents\GameObject\Floor</Filter>
    </ClCompile>
    <ClCompile Include="ntoCollider.cpp">
      <Filter>Engine\Component\Collider</Filter>
    </ClCompile>
    <ClCompile Include="ntoCollisionManager.cpp">
      <Filter>Engine\Collision</Filter>
    </ClCompile>
    <ClCompile Include="ntoRigidbody.cpp">
      <Filter>Engine\Component\Rigidbody</Filter>
    </ClCompile>
    <ClCompile Include="ntoSmallMario.cpp">
      <Filter>Contents\GameObject\Player\Class</Filter>
    </ClCompile>
    <ClCompile Include="ntoSuperMario.cpp">
      <Filter>Contents\GameObject\Player\Class</Filter>
    </ClCompile>
    <ClCompile Include="ntoFireMario.cpp">
      <Filter>Contents\GameObject\Player\Class</Filter>
    </ClCompile>
    <ClCompile Include="ntoRedKoopa.cpp">
      <Filter>Contents\GameObject\Monster\Class</Filter>
    </ClCompile>
    <ClCompile Include="ntoCharginChuck.cpp">
      <Filter>Contents\GameObject\Monster\Class</Filter>
    </ClCompile>
    <ClCompile Include="ntoMontyMole.cpp">
      <Filter>Contents\GameObject\Monster\Class</Filter>
    </ClCompile>
  </ItemGroup>
  <ItemGroup>
    <Image Include="Client.ico">
      <Filter>Windows\Resource</Filter>
    </Image>
    <Image Include="small.ico">
      <Filter>Windows\Resource</Filter>
    </Image>
  </ItemGroup>
  <ItemGroup>
    <ResourceCompile Include="Client.rc">
      <Filter>Windows\Resource</Filter>
    </ResourceCompile>
  </ItemGroup>
</Project>